// !$*UTF8*$!
{
	archiveVersion = 1;
	classes = {
	};
	objectVersion = 56;
	objects = {

/* Begin PBXBuildFile section */
		9208547F29AC4F0200777BA5 /* MainView.swift in Sources */ = {isa = PBXBuildFile; fileRef = 9208547E29AC4F0200777BA5 /* MainView.swift */; };
		9208548329AC550F00777BA5 /* AgainstPlayerView.swift in Sources */ = {isa = PBXBuildFile; fileRef = 9208548229AC550F00777BA5 /* AgainstPlayerView.swift */; };
		9224323A299DC14200279EAA /* RockPaperScissorsApp.swift in Sources */ = {isa = PBXBuildFile; fileRef = 92243239299DC14200279EAA /* RockPaperScissorsApp.swift */; };
		9224323C299DC14200279EAA /* AgainstCPUView.swift in Sources */ = {isa = PBXBuildFile; fileRef = 9224323B299DC14200279EAA /* AgainstCPUView.swift */; };
		9224323E299DC14200279EAA /* Assets.xcassets in Resources */ = {isa = PBXBuildFile; fileRef = 9224323D299DC14200279EAA /* Assets.xcassets */; };
		92243241299DC14200279EAA /* Preview Assets.xcassets in Resources */ = {isa = PBXBuildFile; fileRef = 92243240299DC14200279EAA /* Preview Assets.xcassets */; };
		922644D229B5BDA10016416A /* JosefinSans-VariableFont_wght.ttf in Resources */ = {isa = PBXBuildFile; fileRef = 922644D129B5BDA10016416A /* JosefinSans-VariableFont_wght.ttf */; };
		92336AC829AED8F900CFA4E2 /* Extensions.swift in Sources */ = {isa = PBXBuildFile; fileRef = 92336AC729AED8F900CFA4E2 /* Extensions.swift */; };
		92336ACA29AEFB8900CFA4E2 /* UserChoiceButtons.swift in Sources */ = {isa = PBXBuildFile; fileRef = 92336AC929AEFB8900CFA4E2 /* UserChoiceButtons.swift */; };
		92336ACF29AEFE2700CFA4E2 /* ChoiceOptions.swift in Sources */ = {isa = PBXBuildFile; fileRef = 92336ACE29AEFE2700CFA4E2 /* ChoiceOptions.swift */; };
		924223EF29ADCFFB0054A44A /* ToggleButton.swift in Sources */ = {isa = PBXBuildFile; fileRef = 924223EE29ADCFFB0054A44A /* ToggleButton.swift */; };
		9290157729A6F2A300843CF0 /* WrappingStack in Frameworks */ = {isa = PBXBuildFile; productRef = 9290157629A6F2A300843CF0 /* WrappingStack */; };
		92A9D15629B1876300CDE9A5 /* RoundOutcomes.swift in Sources */ = {isa = PBXBuildFile; fileRef = 92A9D15529B1876300CDE9A5 /* RoundOutcomes.swift */; };
		92E9DA5029B6C472000A420D /* DismissButton.swift in Sources */ = {isa = PBXBuildFile; fileRef = 92E9DA4F29B6C472000A420D /* DismissButton.swift */; };
/* End PBXBuildFile section */

/* Begin PBXFileReference section */
		9208547E29AC4F0200777BA5 /* MainView.swift */ = {isa = PBXFileReference; lastKnownFileType = sourcecode.swift; path = MainView.swift; sourceTree = "<group>"; };
		9208548229AC550F00777BA5 /* AgainstPlayerView.swift */ = {isa = PBXFileReference; lastKnownFileType = sourcecode.swift; path = AgainstPlayerView.swift; sourceTree = "<group>"; };
		92243236299DC14100279EAA /* RockPaperScissors.app */ = {isa = PBXFileReference; explicitFileType = wrapper.application; includeInIndex = 0; path = RockPaperScissors.app; sourceTree = BUILT_PRODUCTS_DIR; };
		92243239299DC14200279EAA /* RockPaperScissorsApp.swift */ = {isa = PBXFileReference; lastKnownFileType = sourcecode.swift; path = RockPaperScissorsApp.swift; sourceTree = "<group>"; };
		9224323B299DC14200279EAA /* AgainstCPUView.swift */ = {isa = PBXFileReference; lastKnownFileType = sourcecode.swift; path = AgainstCPUView.swift; sourceTree = "<group>"; };
		9224323D299DC14200279EAA /* Assets.xcassets */ = {isa = PBXFileReference; lastKnownFileType = folder.assetcatalog; path = Assets.xcassets; sourceTree = "<group>"; };
		92243240299DC14200279EAA /* Preview Assets.xcassets */ = {isa = PBXFileReference; lastKnownFileType = folder.assetcatalog; path = "Preview Assets.xcassets"; sourceTree = "<group>"; };
		922644CB29B5B23B0016416A /* Info.plist */ = {isa = PBXFileReference; lastKnownFileType = text.plist; path = Info.plist; sourceTree = "<group>"; };
		922644D129B5BDA10016416A /* JosefinSans-VariableFont_wght.ttf */ = {isa = PBXFileReference; lastKnownFileType = file; path = "JosefinSans-VariableFont_wght.ttf"; sourceTree = "<group>"; };
		92336AC729AED8F900CFA4E2 /* Extensions.swift */ = {isa = PBXFileReference; lastKnownFileType = sourcecode.swift; path = Extensions.swift; sourceTree = "<group>"; };
		92336AC929AEFB8900CFA4E2 /* UserChoiceButtons.swift */ = {isa = PBXFileReference; lastKnownFileType = sourcecode.swift; path = UserChoiceButtons.swift; sourceTree = "<group>"; };
		92336ACE29AEFE2700CFA4E2 /* ChoiceOptions.swift */ = {isa = PBXFileReference; lastKnownFileType = sourcecode.swift; path = ChoiceOptions.swift; sourceTree = "<group>"; };
		924223EE29ADCFFB0054A44A /* ToggleButton.swift */ = {isa = PBXFileReference; lastKnownFileType = sourcecode.swift; path = ToggleButton.swift; sourceTree = "<group>"; };
		92A9D15529B1876300CDE9A5 /* RoundOutcomes.swift */ = {isa = PBXFileReference; lastKnownFileType = sourcecode.swift; path = RoundOutcomes.swift; sourceTree = "<group>"; };
		92E9DA4F29B6C472000A420D /* DismissButton.swift */ = {isa = PBXFileReference; lastKnownFileType = sourcecode.swift; path = DismissButton.swift; sourceTree = "<group>"; };
/* End PBXFileReference section */

/* Begin PBXFrameworksBuildPhase section */
		92243233299DC14100279EAA /* Frameworks */ = {
			isa = PBXFrameworksBuildPhase;
			buildActionMask = 2147483647;
			files = (
				9290157729A6F2A300843CF0 /* WrappingStack in Frameworks */,
			);
			runOnlyForDeploymentPostprocessing = 0;
		};
/* End PBXFrameworksBuildPhase section */

/* Begin PBXGroup section */
		9224322D299DC14100279EAA = {
			isa = PBXGroup;
			children = (
				92243238299DC14200279EAA /* RockPaperScissors */,
				92243237299DC14100279EAA /* Products */,
			);
			sourceTree = "<group>";
		};
		92243237299DC14100279EAA /* Products */ = {
			isa = PBXGroup;
			children = (
				92243236299DC14100279EAA /* RockPaperScissors.app */,
			);
			name = Products;
			sourceTree = "<group>";
		};
		92243238299DC14200279EAA /* RockPaperScissors */ = {
			isa = PBXGroup;
			children = (
				922644CB29B5B23B0016416A /* Info.plist */,
				92243239299DC14200279EAA /* RockPaperScissorsApp.swift */,
				92336AC529AED8AF00CFA4E2 /* Views */,
				92336AC629AED8E500CFA4E2 /* Utils */,
				9224323D299DC14200279EAA /* Assets.xcassets */,
				9224323F299DC14200279EAA /* Preview Content */,
			);
			path = RockPaperScissors;
			sourceTree = "<group>";
		};
		9224323F299DC14200279EAA /* Preview Content */ = {
			isa = PBXGroup;
			children = (
				92243240299DC14200279EAA /* Preview Assets.xcassets */,
			);
			path = "Preview Content";
			sourceTree = "<group>";
		};
		922644CC29B5B2C60016416A /* Fonts */ = {
			isa = PBXGroup;
			children = (
				922644D129B5BDA10016416A /* JosefinSans-VariableFont_wght.ttf */,
			);
			path = Fonts;
			sourceTree = "<group>";
		};
		92336AC529AED8AF00CFA4E2 /* Views */ = {
			isa = PBXGroup;
			children = (
				92A9D15229B06AF400CDE9A5 /* Main */,
				92E9DA5129B6E07E000A420D /* AgainstCPU */,
				92E9DA5229B6E096000A420D /* AgainstPlayer */,
				92A9D15429B06B0600CDE9A5 /* Secondary */,
			);
			path = Views;
			sourceTree = "<group>";
		};
		92336AC629AED8E500CFA4E2 /* Utils */ = {
			isa = PBXGroup;
			children = (
				922644CC29B5B2C60016416A /* Fonts */,
				92336AC729AED8F900CFA4E2 /* Extensions.swift */,
				92336ACE29AEFE2700CFA4E2 /* ChoiceOptions.swift */,
				92A9D15529B1876300CDE9A5 /* RoundOutcomes.swift */,
			);
			path = Utils;
			sourceTree = "<group>";
		};
		92A9D15229B06AF400CDE9A5 /* Main */ = {
			isa = PBXGroup;
			children = (
				9208547E29AC4F0200777BA5 /* MainView.swift */,
			);
			path = Main;
			sourceTree = "<group>";
		};
		92A9D15429B06B0600CDE9A5 /* Secondary */ = {
			isa = PBXGroup;
			children = (
				92336AC929AEFB8900CFA4E2 /* UserChoiceButtons.swift */,
				924223EE29ADCFFB0054A44A /* ToggleButton.swift */,
				92E9DA4F29B6C472000A420D /* DismissButton.swift */,
			);
			path = Secondary;
			sourceTree = "<group>";
		};
		92E9DA5129B6E07E000A420D /* AgainstCPU */ = {
			isa = PBXGroup;
			children = (
				9224323B299DC14200279EAA /* AgainstCPUView.swift */,
			);
			path = AgainstCPU;
			sourceTree = "<group>";
		};
		92E9DA5229B6E096000A420D /* AgainstPlayer */ = {
			isa = PBXGroup;
			children = (
				9208548229AC550F00777BA5 /* AgainstPlayerView.swift */,
			);
			path = AgainstPlayer;
			sourceTree = "<group>";
		};
/* End PBXGroup section */

/* Begin PBXNativeTarget section */
		92243235299DC14100279EAA /* RockPaperScissors */ = {
			isa = PBXNativeTarget;
			buildConfigurationList = 92243244299DC14200279EAA /* Build configuration list for PBXNativeTarget "RockPaperScissors" */;
			buildPhases = (
				92243232299DC14100279EAA /* Sources */,
				92243233299DC14100279EAA /* Frameworks */,
				92243234299DC14100279EAA /* Resources */,
			);
			buildRules = (
			);
			dependencies = (
			);
			name = RockPaperScissors;
			packageProductDependencies = (
				9290157629A6F2A300843CF0 /* WrappingStack */,
			);
			productName = RockPaperScissors;
			productReference = 92243236299DC14100279EAA /* RockPaperScissors.app */;
			productType = "com.apple.product-type.application";
		};
/* End PBXNativeTarget section */

/* Begin PBXProject section */
		9224322E299DC14100279EAA /* Project object */ = {
			isa = PBXProject;
			attributes = {
				BuildIndependentTargetsInParallel = 1;
				LastSwiftUpdateCheck = 1420;
				LastUpgradeCheck = 1420;
				TargetAttributes = {
					92243235299DC14100279EAA = {
						CreatedOnToolsVersion = 14.2;
					};
				};
			};
			buildConfigurationList = 92243231299DC14100279EAA /* Build configuration list for PBXProject "RockPaperScissors" */;
			compatibilityVersion = "Xcode 14.0";
			developmentRegion = en;
			hasScannedForEncodings = 0;
			knownRegions = (
				en,
				Base,
			);
			mainGroup = 9224322D299DC14100279EAA;
			packageReferences = (
				9290157529A6F2A300843CF0 /* XCRemoteSwiftPackageReference "swiftui-wrapping-stack" */,
			);
			productRefGroup = 92243237299DC14100279EAA /* Products */;
			projectDirPath = "";
			projectRoot = "";
			targets = (
				92243235299DC14100279EAA /* RockPaperScissors */,
			);
		};
/* End PBXProject section */

/* Begin PBXResourcesBuildPhase section */
		92243234299DC14100279EAA /* Resources */ = {
			isa = PBXResourcesBuildPhase;
			buildActionMask = 2147483647;
			files = (
				922644D229B5BDA10016416A /* JosefinSans-VariableFont_wght.ttf in Resources */,
				92243241299DC14200279EAA /* Preview Assets.xcassets in Resources */,
				9224323E299DC14200279EAA /* Assets.xcassets in Resources */,
			);
			runOnlyForDeploymentPostprocessing = 0;
		};
/* End PBXResourcesBuildPhase section */

/* Begin PBXSourcesBuildPhase section */
		92243232299DC14100279EAA /* Sources */ = {
			isa = PBXSourcesBuildPhase;
			buildActionMask = 2147483647;
			files = (
				9224323C299DC14200279EAA /* AgainstCPUView.swift in Sources */,
				924223EF29ADCFFB0054A44A /* ToggleButton.swift in Sources */,
				92336ACA29AEFB8900CFA4E2 /* UserChoiceButtons.swift in Sources */,
				92A9D15629B1876300CDE9A5 /* RoundOutcomes.swift in Sources */,
				9208547F29AC4F0200777BA5 /* MainView.swift in Sources */,
				9224323A299DC14200279EAA /* RockPaperScissorsApp.swift in Sources */,
				92336ACF29AEFE2700CFA4E2 /* ChoiceOptions.swift in Sources */,
				9208548329AC550F00777BA5 /* AgainstPlayerView.swift in Sources */,
				92E9DA5029B6C472000A420D /* DismissButton.swift in Sources */,
				92336AC829AED8F900CFA4E2 /* Extensions.swift in Sources */,
			);
			runOnlyForDeploymentPostprocessing = 0;
		};
/* End PBXSourcesBuildPhase section */

/* Begin XCBuildConfiguration section */
		92243242299DC14200279EAA /* Debug */ = {
			isa = XCBuildConfiguration;
			buildSettings = {
				ALWAYS_SEARCH_USER_PATHS = NO;
				CLANG_ANALYZER_NONNULL = YES;
				CLANG_ANALYZER_NUMBER_OBJECT_CONVERSION = YES_AGGRESSIVE;
				CLANG_CXX_LANGUAGE_STANDARD = "gnu++20";
				CLANG_ENABLE_MODULES = YES;
				CLANG_ENABLE_OBJC_ARC = YES;
				CLANG_ENABLE_OBJC_WEAK = YES;
				CLANG_WARN_BLOCK_CAPTURE_AUTORELEASING = YES;
				CLANG_WARN_BOOL_CONVERSION = YES;
				CLANG_WARN_COMMA = YES;
				CLANG_WARN_CONSTANT_CONVERSION = YES;
				CLANG_WARN_DEPRECATED_OBJC_IMPLEMENTATIONS = YES;
				CLANG_WARN_DIRECT_OBJC_ISA_USAGE = YES_ERROR;
				CLANG_WARN_DOCUMENTATION_COMMENTS = YES;
				CLANG_WARN_EMPTY_BODY = YES;
				CLANG_WARN_ENUM_CONVERSION = YES;
				CLANG_WARN_INFINITE_RECURSION = YES;
				CLANG_WARN_INT_CONVERSION = YES;
				CLANG_WARN_NON_LITERAL_NULL_CONVERSION = YES;
				CLANG_WARN_OBJC_IMPLICIT_RETAIN_SELF = YES;
				CLANG_WARN_OBJC_LITERAL_CONVERSION = YES;
				CLANG_WARN_OBJC_ROOT_CLASS = YES_ERROR;
				CLANG_WARN_QUOTED_INCLUDE_IN_FRAMEWORK_HEADER = YES;
				CLANG_WARN_RANGE_LOOP_ANALYSIS = YES;
				CLANG_WARN_STRICT_PROTOTYPES = YES;
				CLANG_WARN_SUSPICIOUS_MOVE = YES;
				CLANG_WARN_UNGUARDED_AVAILABILITY = YES_AGGRESSIVE;
				CLANG_WARN_UNREACHABLE_CODE = YES;
				CLANG_WARN__DUPLICATE_METHOD_MATCH = YES;
				COPY_PHASE_STRIP = NO;
				DEBUG_INFORMATION_FORMAT = dwarf;
				ENABLE_STRICT_OBJC_MSGSEND = YES;
				ENABLE_TESTABILITY = YES;
				GCC_C_LANGUAGE_STANDARD = gnu11;
				GCC_DYNAMIC_NO_PIC = NO;
				GCC_NO_COMMON_BLOCKS = YES;
				GCC_OPTIMIZATION_LEVEL = 0;
				GCC_PREPROCESSOR_DEFINITIONS = (
					"DEBUG=1",
					"$(inherited)",
				);
				GCC_WARN_64_TO_32_BIT_CONVERSION = YES;
				GCC_WARN_ABOUT_RETURN_TYPE = YES_ERROR;
				GCC_WARN_UNDECLARED_SELECTOR = YES;
				GCC_WARN_UNINITIALIZED_AUTOS = YES_AGGRESSIVE;
				GCC_WARN_UNUSED_FUNCTION = YES;
				GCC_WARN_UNUSED_VARIABLE = YES;
				IPHONEOS_DEPLOYMENT_TARGET = 16.2;
				MTL_ENABLE_DEBUG_INFO = INCLUDE_SOURCE;
				MTL_FAST_MATH = YES;
				ONLY_ACTIVE_ARCH = YES;
				SDKROOT = iphoneos;
				SWIFT_ACTIVE_COMPILATION_CONDITIONS = DEBUG;
				SWIFT_OPTIMIZATION_LEVEL = "-Onone";
			};
			name = Debug;
		};
		92243243299DC14200279EAA /* Release */ = {
			isa = XCBuildConfiguration;
			buildSettings = {
				ALWAYS_SEARCH_USER_PATHS = NO;
				CLANG_ANALYZER_NONNULL = YES;
				CLANG_ANALYZER_NUMBER_OBJECT_CONVERSION = YES_AGGRESSIVE;
				CLANG_CXX_LANGUAGE_STANDARD = "gnu++20";
				CLANG_ENABLE_MODULES = YES;
				CLANG_ENABLE_OBJC_ARC = YES;
				CLANG_ENABLE_OBJC_WEAK = YES;
				CLANG_WARN_BLOCK_CAPTURE_AUTORELEASING = YES;
				CLANG_WARN_BOOL_CONVERSION = YES;
				CLANG_WARN_COMMA = YES;
				CLANG_WARN_CONSTANT_CONVERSION = YES;
				CLANG_WARN_DEPRECATED_OBJC_IMPLEMENTATIONS = YES;
				CLANG_WARN_DIRECT_OBJC_ISA_USAGE = YES_ERROR;
				CLANG_WARN_DOCUMENTATION_COMMENTS = YES;
				CLANG_WARN_EMPTY_BODY = YES;
				CLANG_WARN_ENUM_CONVERSION = YES;
				CLANG_WARN_INFINITE_RECURSION = YES;
				CLANG_WARN_INT_CONVERSION = YES;
				CLANG_WARN_NON_LITERAL_NULL_CONVERSION = YES;
				CLANG_WARN_OBJC_IMPLICIT_RETAIN_SELF = YES;
				CLANG_WARN_OBJC_LITERAL_CONVERSION = YES;
				CLANG_WARN_OBJC_ROOT_CLASS = YES_ERROR;
				CLANG_WARN_QUOTED_INCLUDE_IN_FRAMEWORK_HEADER = YES;
				CLANG_WARN_RANGE_LOOP_ANALYSIS = YES;
				CLANG_WARN_STRICT_PROTOTYPES = YES;
				CLANG_WARN_SUSPICIOUS_MOVE = YES;
				CLANG_WARN_UNGUARDED_AVAILABILITY = YES_AGGRESSIVE;
				CLANG_WARN_UNREACHABLE_CODE = YES;
				CLANG_WARN__DUPLICATE_METHOD_MATCH = YES;
				COPY_PHASE_STRIP = NO;
				DEBUG_INFORMATION_FORMAT = "dwarf-with-dsym";
				ENABLE_NS_ASSERTIONS = NO;
				ENABLE_STRICT_OBJC_MSGSEND = YES;
				GCC_C_LANGUAGE_STANDARD = gnu11;
				GCC_NO_COMMON_BLOCKS = YES;
				GCC_WARN_64_TO_32_BIT_CONVERSION = YES;
				GCC_WARN_ABOUT_RETURN_TYPE = YES_ERROR;
				GCC_WARN_UNDECLARED_SELECTOR = YES;
				GCC_WARN_UNINITIALIZED_AUTOS = YES_AGGRESSIVE;
				GCC_WARN_UNUSED_FUNCTION = YES;
				GCC_WARN_UNUSED_VARIABLE = YES;
				IPHONEOS_DEPLOYMENT_TARGET = 16.2;
				MTL_ENABLE_DEBUG_INFO = NO;
				MTL_FAST_MATH = YES;
				SDKROOT = iphoneos;
				SWIFT_COMPILATION_MODE = wholemodule;
				SWIFT_OPTIMIZATION_LEVEL = "-O";
				VALIDATE_PRODUCT = YES;
			};
			name = Release;
		};
		92243245299DC14200279EAA /* Debug */ = {
			isa = XCBuildConfiguration;
			buildSettings = {
				ASSETCATALOG_COMPILER_APPICON_NAME = AppIcon;
				ASSETCATALOG_COMPILER_GLOBAL_ACCENT_COLOR_NAME = AccentColor;
				CODE_SIGN_STYLE = Automatic;
				CURRENT_PROJECT_VERSION = 1;
				DEVELOPMENT_ASSET_PATHS = "\"RockPaperScissors/Preview Content\"";
				DEVELOPMENT_TEAM = RVKB7RH5U4;
				ENABLE_PREVIEWS = YES;
				GENERATE_INFOPLIST_FILE = YES;
				INFOPLIST_FILE = RockPaperScissors/Info.plist;
				INFOPLIST_KEY_UIApplicationSceneManifest_Generation = YES;
				INFOPLIST_KEY_UIApplicationSupportsIndirectInputEvents = YES;
				INFOPLIST_KEY_UILaunchScreen_Generation = YES;
				INFOPLIST_KEY_UISupportedInterfaceOrientations = UIInterfaceOrientationPortrait;
				INFOPLIST_KEY_UISupportedInterfaceOrientations_iPad = "UIInterfaceOrientationLandscapeLeft UIInterfaceOrientationLandscapeRight UIInterfaceOrientationPortrait UIInterfaceOrientationPortraitUpsideDown";
				IPHONEOS_DEPLOYMENT_TARGET = 15.0;
				LD_RUNPATH_SEARCH_PATHS = (
					"$(inherited)",
					"@executable_path/Frameworks",
				);
				MARKETING_VERSION = 1.0;
				PRODUCT_BUNDLE_IDENTIFIER = gitkoDev.RockPaperScissors;
				PRODUCT_NAME = "$(TARGET_NAME)";
				SWIFT_EMIT_LOC_STRINGS = YES;
				SWIFT_VERSION = 5.0;
				TARGETED_DEVICE_FAMILY = "1,2";
			};
			name = Debug;
		};
		92243246299DC14200279EAA /* Release */ = {
			isa = XCBuildConfiguration;
			buildSettings = {
				ASSETCATALOG_COMPILER_APPICON_NAME = AppIcon;
				ASSETCATALOG_COMPILER_GLOBAL_ACCENT_COLOR_NAME = AccentColor;
				CODE_SIGN_STYLE = Automatic;
				CURRENT_PROJECT_VERSION = 1;
				DEVELOPMENT_ASSET_PATHS = "\"RockPaperScissors/Preview Content\"";
				DEVELOPMENT_TEAM = RVKB7RH5U4;
				ENABLE_PREVIEWS = YES;
				GENERATE_INFOPLIST_FILE = YES;
				INFOPLIST_FILE = RockPaperScissors/Info.plist;
				INFOPLIST_KEY_UIApplicationSceneManifest_Generation = YES;
				INFOPLIST_KEY_UIApplicationSupportsIndirectInputEvents = YES;
				INFOPLIST_KEY_UILaunchScreen_Generation = YES;
				INFOPLIST_KEY_UISupportedInterfaceOrientations = UIInterfaceOrientationPortrait;
				INFOPLIST_KEY_UISupportedInterfaceOrientations_iPad = "UIInterfaceOrientationLandscapeLeft UIInterfaceOrientationLandscapeRight UIInterfaceOrientationPortrait UIInterfaceOrientationPortraitUpsideDown";
				IPHONEOS_DEPLOYMENT_TARGET = 15.0;
				LD_RUNPATH_SEARCH_PATHS = (
					"$(inherited)",
					"@executable_path/Frameworks",
				);
				MARKETING_VERSION = 1.0;
				PRODUCT_BUNDLE_IDENTIFIER = gitkoDev.RockPaperScissors;
				PRODUCT_NAME = "$(TARGET_NAME)";
				SWIFT_EMIT_LOC_STRINGS = YES;
				SWIFT_VERSION = 5.0;
				TARGETED_DEVICE_FAMILY = "1,2";
			};
			name = Release;
		};
/* End XCBuildConfiguration section */

/* Begin XCConfigurationList section */
		92243231299DC14100279EAA /* Build configuration list for PBXProject "RockPaperScissors" */ = {
			isa = XCConfigurationList;
			buildConfigurations = (
				92243242299DC14200279EAA /* Debug */,
				92243243299DC14200279EAA /* Release */,
			);
			defaultConfigurationIsVisible = 0;
			defaultConfigurationName = Release;
		};
		92243244299DC14200279EAA /* Build configuration list for PBXNativeTarget "RockPaperScissors" */ = {
			isa = XCConfigurationList;
			buildConfigurations = (
				92243245299DC14200279EAA /* Debug */,
				92243246299DC14200279EAA /* Release */,
			);
			defaultConfigurationIsVisible = 0;
			defaultConfigurationName = Release;
		};
/* End XCConfigurationList section */

/* Begin XCRemoteSwiftPackageReference section */
		9290157529A6F2A300843CF0 /* XCRemoteSwiftPackageReference "swiftui-wrapping-stack" */ = {
			isa = XCRemoteSwiftPackageReference;
			repositoryURL = "https://github.com/diniska/swiftui-wrapping-stack";
			requirement = {
				kind = upToNextMajorVersion;
				minimumVersion = 1.0.0;
			};
		};
/* End XCRemoteSwiftPackageReference section */

/* Begin XCSwiftPackageProductDependency section */
		9290157629A6F2A300843CF0 /* WrappingStack */ = {
			isa = XCSwiftPackageProductDependency;
			package = 9290157529A6F2A300843CF0 /* XCRemoteSwiftPackageReference "swiftui-wrapping-stack" */;
			productName = WrappingStack;
		};
/* End XCSwiftPackageProductDependency section */
	};
	rootObject = 9224322E299DC14100279EAA /* Project object */;
}
